
Microsoft Visual Studio Solution File, Format Version 12.00
# Visual Studio Version 17
VisualStudioVersion = 17.14.36414.22
MinimumVisualStudioVersion = 10.0.40219.1
Project("{FAE04EC0-301F-11D3-BF4B-00C04F79EFBC}") = "RealEstateApi", "RealEstateApi\RealEstateApi.csproj", "{64A73E1B-B33B-463C-BA70-EBF1E7B9A565}"
EndProject
Project("{FAE04EC0-301F-11D3-BF4B-00C04F79EFBC}") = "RealEstateApi.Tests", "RealEstateApi.Tests\RealEstateApi.Tests.csproj", "{114B332D-D577-D2FF-CFB4-C44E1AD512A2}"
EndProject
Global
	GlobalSection(SolutionConfigurationPlatforms) = preSolution
		Debug|Any CPU = Debug|Any CPU
		Release|Any CPU = Release|Any CPU
	EndGlobalSection
	GlobalSection(ProjectConfigurationPlatforms) = postSolution
		{64A73E1B-B33B-463C-BA70-EBF1E7B9A565}.Debug|Any CPU.ActiveCfg = Debug|Any CPU
		{64A73E1B-B33B-463C-BA70-EBF1E7B9A565}.Debug|Any CPU.Build.0 = Debug|Any CPU
		{64A73E1B-B33B-463C-BA70-EBF1E7B9A565}.Release|Any CPU.ActiveCfg = Release|Any CPU
		{64A73E1B-B33B-463C-BA70-EBF1E7B9A565}.Release|Any CPU.Build.0 = Release|Any CPU
		{114B332D-D577-D2FF-CFB4-C44E1AD512A2}.Debug|Any CPU.ActiveCfg = Debug|Any CPU
		{114B332D-D577-D2FF-CFB4-C44E1AD512A2}.Debug|Any CPU.Build.0 = Debug|Any CPU
		{114B332D-D577-D2FF-CFB4-C44E1AD512A2}.Release|Any CPU.ActiveCfg = Release|Any CPU
		{114B332D-D577-D2FF-CFB4-C44E1AD512A2}.Release|Any CPU.Build.0 = Release|Any CPU
	EndGlobalSection
	GlobalSection(SolutionProperties) = preSolution
		HideSolutionNode = FALSE
	EndGlobalSection
	GlobalSection(ExtensibilityGlobals) = postSolution
		SolutionGuid = {1D112C81-D331-4ABB-BD59-487BF3990ED4}
	EndGlobalSection
EndGlobal
